
Microsoft Visual Studio Solution File, Format Version 12.00
# Visual Studio Version 17
VisualStudioVersion = 17.3.32901.215
MinimumVisualStudioVersion = 10.0.40219.1
Project("{2150E333-8FDC-42A3-9474-1A3956D46DE8}") = "ProCSharpDotNetPhaseI", "ProCSharpDotNetPhaseI", "{07B0A49A-007F-4180-B128-1EDE25450A4B}"
EndProject
Project("{FAE04EC0-301F-11D3-BF4B-00C04F79EFBC}") = "PhaseOneWorkShop", "PhaseOneWorkShop\PhaseOneWorkShop.csproj", "{DC73615B-5DE1-4111-9C54-4553A07E6756}"
EndProject
Global
	GlobalSection(SolutionConfigurationPlatforms) = preSolution
		Debug|Any CPU = Debug|Any CPU
		Release|Any CPU = Release|Any CPU
	EndGlobalSection
	GlobalSection(ProjectConfigurationPlatforms) = postSolution
		{DC73615B-5DE1-4111-9C54-4553A07E6756}.Debug|Any CPU.ActiveCfg = Debug|Any CPU
		{DC73615B-5DE1-4111-9C54-4553A07E6756}.Debug|Any CPU.Build.0 = Debug|Any CPU
		{DC73615B-5DE1-4111-9C54-4553A07E6756}.Release|Any CPU.ActiveCfg = Release|Any CPU
		{DC73615B-5DE1-4111-9C54-4553A07E6756}.Release|Any CPU.Build.0 = Release|Any CPU
	EndGlobalSection
	GlobalSection(SolutionProperties) = preSolution
		HideSolutionNode = FALSE
	EndGlobalSection
	GlobalSection(NestedProjects) = preSolution
		{DC73615B-5DE1-4111-9C54-4553A07E6756} = {07B0A49A-007F-4180-B128-1EDE25450A4B}
	EndGlobalSection
	GlobalSection(ExtensibilityGlobals) = postSolution
		SolutionGuid = {9F212EF4-9A1C-4B08-9FC6-0CE8FC8C8AD3}
	EndGlobalSection
EndGlobal
